// !$*UTF8*$!
{
	archiveVersion = 1;
	classes = {
	};
	objectVersion = 56;
	objects = {

/* Begin PBXBuildFile section */
		B7D45E0829EE6EA1006FDC6C /* SwiftUI_FirebaseApp.swift in Sources */ = {isa = PBXBuildFile; fileRef = B7D45E0729EE6EA1006FDC6C /* SwiftUI_FirebaseApp.swift */; };
		B7D45E0A29EE6EA1006FDC6C /* ContentView.swift in Sources */ = {isa = PBXBuildFile; fileRef = B7D45E0929EE6EA1006FDC6C /* ContentView.swift */; };
		B7D45E0C29EE6EA2006FDC6C /* Assets.xcassets in Resources */ = {isa = PBXBuildFile; fileRef = B7D45E0B29EE6EA2006FDC6C /* Assets.xcassets */; };
		B7D45E0F29EE6EA2006FDC6C /* Preview Assets.xcassets in Resources */ = {isa = PBXBuildFile; fileRef = B7D45E0E29EE6EA2006FDC6C /* Preview Assets.xcassets */; };
		B7D45E1629EE721E006FDC6C /* GoogleService-Info.plist in Resources */ = {isa = PBXBuildFile; fileRef = B7D45E1529EE721E006FDC6C /* GoogleService-Info.plist */; };
		B7D45E1929EE7383006FDC6C /* FirebaseAnalytics in Frameworks */ = {isa = PBXBuildFile; productRef = B7D45E1829EE7383006FDC6C /* FirebaseAnalytics */; };
		B7D45E1B29EE7383006FDC6C /* FirebaseAnalyticsSwift in Frameworks */ = {isa = PBXBuildFile; productRef = B7D45E1A29EE7383006FDC6C /* FirebaseAnalyticsSwift */; };
		B7D45E1E29EE78D2006FDC6C /* FirebaseAuth in Frameworks */ = {isa = PBXBuildFile; productRef = B7D45E1D29EE78D2006FDC6C /* FirebaseAuth */; };
		B7D45E2129EE7963006FDC6C /* AuthenticationView.swift in Sources */ = {isa = PBXBuildFile; fileRef = B7D45E2029EE7963006FDC6C /* AuthenticationView.swift */; };
		B7D45E2329EE7A4B006FDC6C /* SignInEmailView.swift in Sources */ = {isa = PBXBuildFile; fileRef = B7D45E2229EE7A4B006FDC6C /* SignInEmailView.swift */; };
		B7D45E2529EE7C47006FDC6C /* AuthenticationManager.swift in Sources */ = {isa = PBXBuildFile; fileRef = B7D45E2429EE7C47006FDC6C /* AuthenticationManager.swift */; };
		B7D45E2729EE80F0006FDC6C /* RootView.swift in Sources */ = {isa = PBXBuildFile; fileRef = B7D45E2629EE80F0006FDC6C /* RootView.swift */; };
/* End PBXBuildFile section */

/* Begin PBXFileReference section */
		B7D45E0429EE6EA1006FDC6C /* SwiftUI_Firebase.app */ = {isa = PBXFileReference; explicitFileType = wrapper.application; includeInIndex = 0; path = SwiftUI_Firebase.app; sourceTree = BUILT_PRODUCTS_DIR; };
		B7D45E0729EE6EA1006FDC6C /* SwiftUI_FirebaseApp.swift */ = {isa = PBXFileReference; lastKnownFileType = sourcecode.swift; path = SwiftUI_FirebaseApp.swift; sourceTree = "<group>"; };
		B7D45E0929EE6EA1006FDC6C /* ContentView.swift */ = {isa = PBXFileReference; lastKnownFileType = sourcecode.swift; path = ContentView.swift; sourceTree = "<group>"; };
		B7D45E0B29EE6EA2006FDC6C /* Assets.xcassets */ = {isa = PBXFileReference; lastKnownFileType = folder.assetcatalog; path = Assets.xcassets; sourceTree = "<group>"; };
		B7D45E0E29EE6EA2006FDC6C /* Preview Assets.xcassets */ = {isa = PBXFileReference; lastKnownFileType = folder.assetcatalog; path = "Preview Assets.xcassets"; sourceTree = "<group>"; };
		B7D45E1529EE721E006FDC6C /* GoogleService-Info.plist */ = {isa = PBXFileReference; fileEncoding = 4; lastKnownFileType = text.plist.xml; path = "GoogleService-Info.plist"; sourceTree = "<group>"; };
		B7D45E2029EE7963006FDC6C /* AuthenticationView.swift */ = {isa = PBXFileReference; lastKnownFileType = sourcecode.swift; path = AuthenticationView.swift; sourceTree = "<group>"; };
		B7D45E2229EE7A4B006FDC6C /* SignInEmailView.swift */ = {isa = PBXFileReference; lastKnownFileType = sourcecode.swift; path = SignInEmailView.swift; sourceTree = "<group>"; };
		B7D45E2429EE7C47006FDC6C /* AuthenticationManager.swift */ = {isa = PBXFileReference; lastKnownFileType = sourcecode.swift; path = AuthenticationManager.swift; sourceTree = "<group>"; };
		B7D45E2629EE80F0006FDC6C /* RootView.swift */ = {isa = PBXFileReference; lastKnownFileType = sourcecode.swift; path = RootView.swift; sourceTree = "<group>"; };
/* End PBXFileReference section */

/* Begin PBXFrameworksBuildPhase section */
		B7D45E0129EE6EA1006FDC6C /* Frameworks */ = {
			isa = PBXFrameworksBuildPhase;
			buildActionMask = 2147483647;
			files = (
				B7D45E1B29EE7383006FDC6C /* FirebaseAnalyticsSwift in Frameworks */,
				B7D45E1E29EE78D2006FDC6C /* FirebaseAuth in Frameworks */,
				B7D45E1929EE7383006FDC6C /* FirebaseAnalytics in Frameworks */,
			);
			runOnlyForDeploymentPostprocessing = 0;
		};
/* End PBXFrameworksBuildPhase section */

/* Begin PBXGroup section */
		B7D45DFB29EE6EA1006FDC6C = {
			isa = PBXGroup;
			children = (
				B7D45E0629EE6EA1006FDC6C /* SwiftUI_Firebase */,
				B7D45E0529EE6EA1006FDC6C /* Products */,
				B7D45E1C29EE78D2006FDC6C /* Frameworks */,
			);
			sourceTree = "<group>";
		};
		B7D45E0529EE6EA1006FDC6C /* Products */ = {
			isa = PBXGroup;
			children = (
				B7D45E0429EE6EA1006FDC6C /* SwiftUI_Firebase.app */,
			);
			name = Products;
			sourceTree = "<group>";
		};
		B7D45E0629EE6EA1006FDC6C /* SwiftUI_Firebase */ = {
			isa = PBXGroup;
			children = (
				B7D45E0729EE6EA1006FDC6C /* SwiftUI_FirebaseApp.swift */,
				B7D45E0929EE6EA1006FDC6C /* ContentView.swift */,
				B7D45E1F29EE7938006FDC6C /* Authentication */,
				B7D45E1529EE721E006FDC6C /* GoogleService-Info.plist */,
				B7D45E0B29EE6EA2006FDC6C /* Assets.xcassets */,
				B7D45E0D29EE6EA2006FDC6C /* Preview Content */,
			);
			path = SwiftUI_Firebase;
			sourceTree = "<group>";
		};
		B7D45E0D29EE6EA2006FDC6C /* Preview Content */ = {
			isa = PBXGroup;
			children = (
				B7D45E0E29EE6EA2006FDC6C /* Preview Assets.xcassets */,
			);
			path = "Preview Content";
			sourceTree = "<group>";
		};
		B7D45E1C29EE78D2006FDC6C /* Frameworks */ = {
			isa = PBXGroup;
			children = (
			);
			name = Frameworks;
			sourceTree = "<group>";
		};
		B7D45E1F29EE7938006FDC6C /* Authentication */ = {
			isa = PBXGroup;
			children = (
				B7D45E2029EE7963006FDC6C /* AuthenticationView.swift */,
				B7D45E2229EE7A4B006FDC6C /* SignInEmailView.swift */,
				B7D45E2429EE7C47006FDC6C /* AuthenticationManager.swift */,
				B7D45E2629EE80F0006FDC6C /* RootView.swift */,
			);
			path = Authentication;
			sourceTree = "<group>";
		};
/* End PBXGroup section */

/* Begin PBXNativeTarget section */
		B7D45E0329EE6EA1006FDC6C /* SwiftUI_Firebase */ = {
			isa = PBXNativeTarget;
			buildConfigurationList = B7D45E1229EE6EA2006FDC6C /* Build configuration list for PBXNativeTarget "SwiftUI_Firebase" */;
			buildPhases = (
				B7D45E0029EE6EA1006FDC6C /* Sources */,
				B7D45E0129EE6EA1006FDC6C /* Frameworks */,
				B7D45E0229EE6EA1006FDC6C /* Resources */,
			);
			buildRules = (
			);
			dependencies = (
			);
			name = SwiftUI_Firebase;
			packageProductDependencies = (
				B7D45E1829EE7383006FDC6C /* FirebaseAnalytics */,
				B7D45E1A29EE7383006FDC6C /* FirebaseAnalyticsSwift */,
				B7D45E1D29EE78D2006FDC6C /* FirebaseAuth */,
			);
			productName = SwiftUI_Firebase;
			productReference = B7D45E0429EE6EA1006FDC6C /* SwiftUI_Firebase.app */;
			productType = "com.apple.product-type.application";
		};
/* End PBXNativeTarget section */

/* Begin PBXProject section */
		B7D45DFC29EE6EA1006FDC6C /* Project object */ = {
			isa = PBXProject;
			attributes = {
				BuildIndependentTargetsInParallel = 1;
				LastSwiftUpdateCheck = 1430;
				LastUpgradeCheck = 1430;
				TargetAttributes = {
					B7D45E0329EE6EA1006FDC6C = {
						CreatedOnToolsVersion = 14.3;
					};
				};
			};
			buildConfigurationList = B7D45DFF29EE6EA1006FDC6C /* Build configuration list for PBXProject "SwiftUI_Firebase" */;
			compatibilityVersion = "Xcode 14.0";
			developmentRegion = en;
			hasScannedForEncodings = 0;
			knownRegions = (
				en,
				Base,
			);
			mainGroup = B7D45DFB29EE6EA1006FDC6C;
			packageReferences = (
				B7D45E1729EE7383006FDC6C /* XCRemoteSwiftPackageReference "firebase-ios-sdk" */,
			);
			productRefGroup = B7D45E0529EE6EA1006FDC6C /* Products */;
			projectDirPath = "";
			projectRoot = "";
			targets = (
				B7D45E0329EE6EA1006FDC6C /* SwiftUI_Firebase */,
			);
		};
/* End PBXProject section */

/* Begin PBXResourcesBuildPhase section */
		B7D45E0229EE6EA1006FDC6C /* Resources */ = {
			isa = PBXResourcesBuildPhase;
			buildActionMask = 2147483647;
			files = (
				B7D45E0F29EE6EA2006FDC6C /* Preview Assets.xcassets in Resources */,
				B7D45E0C29EE6EA2006FDC6C /* Assets.xcassets in Resources */,
				B7D45E1629EE721E006FDC6C /* GoogleService-Info.plist in Resources */,
			);
			runOnlyForDeploymentPostprocessing = 0;
		};
/* End PBXResourcesBuildPhase section */

/* Begin PBXSourcesBuildPhase section */
		B7D45E0029EE6EA1006FDC6C /* Sources */ = {
			isa = PBXSourcesBuildPhase;
			buildActionMask = 2147483647;
			files = (
				B7D45E0A29EE6EA1006FDC6C /* ContentView.swift in Sources */,
				B7D45E0829EE6EA1006FDC6C /* SwiftUI_FirebaseApp.swift in Sources */,
				B7D45E2729EE80F0006FDC6C /* RootView.swift in Sources */,
				B7D45E2129EE7963006FDC6C /* AuthenticationView.swift in Sources */,
				B7D45E2529EE7C47006FDC6C /* AuthenticationManager.swift in Sources */,
				B7D45E2329EE7A4B006FDC6C /* SignInEmailView.swift in Sources */,
			);
			runOnlyForDeploymentPostprocessing = 0;
		};
/* End PBXSourcesBuildPhase section */

/* Begin XCBuildConfiguration section */
		B7D45E1029EE6EA2006FDC6C /* Debug */ = {
			isa = XCBuildConfiguration;
			buildSettings = {
				ALWAYS_SEARCH_USER_PATHS = NO;
				CLANG_ANALYZER_NONNULL = YES;
				CLANG_ANALYZER_NUMBER_OBJECT_CONVERSION = YES_AGGRESSIVE;
				CLANG_CXX_LANGUAGE_STANDARD = "gnu++20";
				CLANG_ENABLE_MODULES = YES;
				CLANG_ENABLE_OBJC_ARC = YES;
				CLANG_ENABLE_OBJC_WEAK = YES;
				CLANG_WARN_BLOCK_CAPTURE_AUTORELEASING = YES;
				CLANG_WARN_BOOL_CONVERSION = YES;
				CLANG_WARN_COMMA = YES;
				CLANG_WARN_CONSTANT_CONVERSION = YES;
				CLANG_WARN_DEPRECATED_OBJC_IMPLEMENTATIONS = YES;
				CLANG_WARN_DIRECT_OBJC_ISA_USAGE = YES_ERROR;
				CLANG_WARN_DOCUMENTATION_COMMENTS = YES;
				CLANG_WARN_EMPTY_BODY = YES;
				CLANG_WARN_ENUM_CONVERSION = YES;
				CLANG_WARN_INFINITE_RECURSION = YES;
				CLANG_WARN_INT_CONVERSION = YES;
				CLANG_WARN_NON_LITERAL_NULL_CONVERSION = YES;
				CLANG_WARN_OBJC_IMPLICIT_RETAIN_SELF = YES;
				CLANG_WARN_OBJC_LITERAL_CONVERSION = YES;
				CLANG_WARN_OBJC_ROOT_CLASS = YES_ERROR;
				CLANG_WARN_QUOTED_INCLUDE_IN_FRAMEWORK_HEADER = YES;
				CLANG_WARN_RANGE_LOOP_ANALYSIS = YES;
				CLANG_WARN_STRICT_PROTOTYPES = YES;
				CLANG_WARN_SUSPICIOUS_MOVE = YES;
				CLANG_WARN_UNGUARDED_AVAILABILITY = YES_AGGRESSIVE;
				CLANG_WARN_UNREACHABLE_CODE = YES;
				CLANG_WARN__DUPLICATE_METHOD_MATCH = YES;
				COPY_PHASE_STRIP = NO;
				DEBUG_INFORMATION_FORMAT = dwarf;
				ENABLE_STRICT_OBJC_MSGSEND = YES;
				ENABLE_TESTABILITY = YES;
				GCC_C_LANGUAGE_STANDARD = gnu11;
				GCC_DYNAMIC_NO_PIC = NO;
				GCC_NO_COMMON_BLOCKS = YES;
				GCC_OPTIMIZATION_LEVEL = 0;
				GCC_PREPROCESSOR_DEFINITIONS = (
					"DEBUG=1",
					"$(inherited)",
				);
				GCC_WARN_64_TO_32_BIT_CONVERSION = YES;
				GCC_WARN_ABOUT_RETURN_TYPE = YES_ERROR;
				GCC_WARN_UNDECLARED_SELECTOR = YES;
				GCC_WARN_UNINITIALIZED_AUTOS = YES_AGGRESSIVE;
				GCC_WARN_UNUSED_FUNCTION = YES;
				GCC_WARN_UNUSED_VARIABLE = YES;
				IPHONEOS_DEPLOYMENT_TARGET = 16.4;
				MTL_ENABLE_DEBUG_INFO = INCLUDE_SOURCE;
				MTL_FAST_MATH = YES;
				ONLY_ACTIVE_ARCH = YES;
				SDKROOT = iphoneos;
				SWIFT_ACTIVE_COMPILATION_CONDITIONS = DEBUG;
				SWIFT_OPTIMIZATION_LEVEL = "-Onone";
			};
			name = Debug;
		};
		B7D45E1129EE6EA2006FDC6C /* Release */ = {
			isa = XCBuildConfiguration;
			buildSettings = {
				ALWAYS_SEARCH_USER_PATHS = NO;
				CLANG_ANALYZER_NONNULL = YES;
				CLANG_ANALYZER_NUMBER_OBJECT_CONVERSION = YES_AGGRESSIVE;
				CLANG_CXX_LANGUAGE_STANDARD = "gnu++20";
				CLANG_ENABLE_MODULES = YES;
				CLANG_ENABLE_OBJC_ARC = YES;
				CLANG_ENABLE_OBJC_WEAK = YES;
				CLANG_WARN_BLOCK_CAPTURE_AUTORELEASING = YES;
				CLANG_WARN_BOOL_CONVERSION = YES;
				CLANG_WARN_COMMA = YES;
				CLANG_WARN_CONSTANT_CONVERSION = YES;
				CLANG_WARN_DEPRECATED_OBJC_IMPLEMENTATIONS = YES;
				CLANG_WARN_DIRECT_OBJC_ISA_USAGE = YES_ERROR;
				CLANG_WARN_DOCUMENTATION_COMMENTS = YES;
				CLANG_WARN_EMPTY_BODY = YES;
				CLANG_WARN_ENUM_CONVERSION = YES;
				CLANG_WARN_INFINITE_RECURSION = YES;
				CLANG_WARN_INT_CONVERSION = YES;
				CLANG_WARN_NON_LITERAL_NULL_CONVERSION = YES;
				CLANG_WARN_OBJC_IMPLICIT_RETAIN_SELF = YES;
				CLANG_WARN_OBJC_LITERAL_CONVERSION = YES;
				CLANG_WARN_OBJC_ROOT_CLASS = YES_ERROR;
				CLANG_WARN_QUOTED_INCLUDE_IN_FRAMEWORK_HEADER = YES;
				CLANG_WARN_RANGE_LOOP_ANALYSIS = YES;
				CLANG_WARN_STRICT_PROTOTYPES = YES;
				CLANG_WARN_SUSPICIOUS_MOVE = YES;
				CLANG_WARN_UNGUARDED_AVAILABILITY = YES_AGGRESSIVE;
				CLANG_WARN_UNREACHABLE_CODE = YES;
				CLANG_WARN__DUPLICATE_METHOD_MATCH = YES;
				COPY_PHASE_STRIP = NO;
				DEBUG_INFORMATION_FORMAT = "dwarf-with-dsym";
				ENABLE_NS_ASSERTIONS = NO;
				ENABLE_STRICT_OBJC_MSGSEND = YES;
				GCC_C_LANGUAGE_STANDARD = gnu11;
				GCC_NO_COMMON_BLOCKS = YES;
				GCC_WARN_64_TO_32_BIT_CONVERSION = YES;
				GCC_WARN_ABOUT_RETURN_TYPE = YES_ERROR;
				GCC_WARN_UNDECLARED_SELECTOR = YES;
				GCC_WARN_UNINITIALIZED_AUTOS = YES_AGGRESSIVE;
				GCC_WARN_UNUSED_FUNCTION = YES;
				GCC_WARN_UNUSED_VARIABLE = YES;
				IPHONEOS_DEPLOYMENT_TARGET = 16.4;
				MTL_ENABLE_DEBUG_INFO = NO;
				MTL_FAST_MATH = YES;
				SDKROOT = iphoneos;
				SWIFT_COMPILATION_MODE = wholemodule;
				SWIFT_OPTIMIZATION_LEVEL = "-O";
				VALIDATE_PRODUCT = YES;
			};
			name = Release;
		};
		B7D45E1329EE6EA2006FDC6C /* Debug */ = {
			isa = XCBuildConfiguration;
			buildSettings = {
				ASSETCATALOG_COMPILER_APPICON_NAME = AppIcon;
				ASSETCATALOG_COMPILER_GLOBAL_ACCENT_COLOR_NAME = AccentColor;
				CODE_SIGN_STYLE = Automatic;
				CURRENT_PROJECT_VERSION = 1;
				DEVELOPMENT_ASSET_PATHS = "\"SwiftUI_Firebase/Preview Content\"";
				DEVELOPMENT_TEAM = 6MCGW4D96C;
				ENABLE_PREVIEWS = YES;
				GENERATE_INFOPLIST_FILE = YES;
				INFOPLIST_KEY_UIApplicationSceneManifest_Generation = YES;
				INFOPLIST_KEY_UIApplicationSupportsIndirectInputEvents = YES;
				INFOPLIST_KEY_UILaunchScreen_Generation = YES;
				INFOPLIST_KEY_UISupportedInterfaceOrientations_iPad = "UIInterfaceOrientationPortrait UIInterfaceOrientationPortraitUpsideDown UIInterfaceOrientationLandscapeLeft UIInterfaceOrientationLandscapeRight";
				INFOPLIST_KEY_UISupportedInterfaceOrientations_iPhone = "UIInterfaceOrientationPortrait UIInterfaceOrientationLandscapeLeft UIInterfaceOrientationLandscapeRight";
				LD_RUNPATH_SEARCH_PATHS = (
					"$(inherited)",
					"@executable_path/Frameworks",
				);
				MARKETING_VERSION = 1.0;
				PRODUCT_BUNDLE_IDENTIFIER = "com.dimitrijevolarevic.SwiftUI-Firebase";
				PRODUCT_NAME = "$(TARGET_NAME)";
				SWIFT_EMIT_LOC_STRINGS = YES;
				SWIFT_VERSION = 5.0;
				TARGETED_DEVICE_FAMILY = "1,2";
			};
			name = Debug;
		};
		B7D45E1429EE6EA2006FDC6C /* Release */ = {
			isa = XCBuildConfiguration;
			buildSettings = {
				ASSETCATALOG_COMPILER_APPICON_NAME = AppIcon;
				ASSETCATALOG_COMPILER_GLOBAL_ACCENT_COLOR_NAME = AccentColor;
				CODE_SIGN_STYLE = Automatic;
				CURRENT_PROJECT_VERSION = 1;
				DEVELOPMENT_ASSET_PATHS = "\"SwiftUI_Firebase/Preview Content\"";
				DEVELOPMENT_TEAM = 6MCGW4D96C;
				ENABLE_PREVIEWS = YES;
				GENERATE_INFOPLIST_FILE = YES;
				INFOPLIST_KEY_UIApplicationSceneManifest_Generation = YES;
				INFOPLIST_KEY_UIApplicationSupportsIndirectInputEvents = YES;
				INFOPLIST_KEY_UILaunchScreen_Generation = YES;
				INFOPLIST_KEY_UISupportedInterfaceOrientations_iPad = "UIInterfaceOrientationPortrait UIInterfaceOrientationPortraitUpsideDown UIInterfaceOrientationLandscapeLeft UIInterfaceOrientationLandscapeRight";
				INFOPLIST_KEY_UISupportedInterfaceOrientations_iPhone = "UIInterfaceOrientationPortrait UIInterfaceOrientationLandscapeLeft UIInterfaceOrientationLandscapeRight";
				LD_RUNPATH_SEARCH_PATHS = (
					"$(inherited)",
					"@executable_path/Frameworks",
				);
				MARKETING_VERSION = 1.0;
				PRODUCT_BUNDLE_IDENTIFIER = "com.dimitrijevolarevic.SwiftUI-Firebase";
				PRODUCT_NAME = "$(TARGET_NAME)";
				SWIFT_EMIT_LOC_STRINGS = YES;
				SWIFT_VERSION = 5.0;
				TARGETED_DEVICE_FAMILY = "1,2";
			};
			name = Release;
		};
/* End XCBuildConfiguration section */

/* Begin XCConfigurationList section */
		B7D45DFF29EE6EA1006FDC6C /* Build configuration list for PBXProject "SwiftUI_Firebase" */ = {
			isa = XCConfigurationList;
			buildConfigurations = (
				B7D45E1029EE6EA2006FDC6C /* Debug */,
				B7D45E1129EE6EA2006FDC6C /* Release */,
			);
			defaultConfigurationIsVisible = 0;
			defaultConfigurationName = Release;
		};
		B7D45E1229EE6EA2006FDC6C /* Build configuration list for PBXNativeTarget "SwiftUI_Firebase" */ = {
			isa = XCConfigurationList;
			buildConfigurations = (
				B7D45E1329EE6EA2006FDC6C /* Debug */,
				B7D45E1429EE6EA2006FDC6C /* Release */,
			);
			defaultConfigurationIsVisible = 0;
			defaultConfigurationName = Release;
		};
/* End XCConfigurationList section */

/* Begin XCRemoteSwiftPackageReference section */
		B7D45E1729EE7383006FDC6C /* XCRemoteSwiftPackageReference "firebase-ios-sdk" */ = {
			isa = XCRemoteSwiftPackageReference;
			repositoryURL = "https://github.com/firebase/firebase-ios-sdk";
			requirement = {
				kind = exactVersion;
				version = 10.8.0;
			};
		};
/* End XCRemoteSwiftPackageReference section */

/* Begin XCSwiftPackageProductDependency section */
		B7D45E1829EE7383006FDC6C /* FirebaseAnalytics */ = {
			isa = XCSwiftPackageProductDependency;
			package = B7D45E1729EE7383006FDC6C /* XCRemoteSwiftPackageReference "firebase-ios-sdk" */;
			productName = FirebaseAnalytics;
		};
		B7D45E1A29EE7383006FDC6C /* FirebaseAnalyticsSwift */ = {
			isa = XCSwiftPackageProductDependency;
			package = B7D45E1729EE7383006FDC6C /* XCRemoteSwiftPackageReference "firebase-ios-sdk" */;
			productName = FirebaseAnalyticsSwift;
		};
		B7D45E1D29EE78D2006FDC6C /* FirebaseAuth */ = {
			isa = XCSwiftPackageProductDependency;
			package = B7D45E1729EE7383006FDC6C /* XCRemoteSwiftPackageReference "firebase-ios-sdk" */;
			productName = FirebaseAuth;
		};
/* End XCSwiftPackageProductDependency section */
	};
	rootObject = B7D45DFC29EE6EA1006FDC6C /* Project object */;
}
